
Microsoft Visual Studio Solution File, Format Version 12.00
# Visual Studio Version 16
VisualStudioVersion = 16.0.31911.196
MinimumVisualStudioVersion = 10.0.40219.1
Project("{FAE04EC0-301F-11D3-BF4B-00C04F79EFBC}") = "OOP.ConsoleExample", "OOP.ConsoleExample\OOP.ConsoleExample.csproj", "{48469AA2-6C59-4592-9C22-E6FA8DC9C7CF}"
EndProject
Project("{FAE04EC0-301F-11D3-BF4B-00C04F79EFBC}") = "AudioManager", "AudioManager\AudioManager.csproj", "{A3F6BFBC-E681-438D-BDE0-4FC6C2DC6C4A}"
EndProject
Global
	GlobalSection(SolutionConfigurationPlatforms) = preSolution
		Debug|Any CPU = Debug|Any CPU
		Release|Any CPU = Release|Any CPU
	EndGlobalSection
	GlobalSection(ProjectConfigurationPlatforms) = postSolution
		{48469AA2-6C59-4592-9C22-E6FA8DC9C7CF}.Debug|Any CPU.ActiveCfg = Debug|Any CPU
		{48469AA2-6C59-4592-9C22-E6FA8DC9C7CF}.Debug|Any CPU.Build.0 = Debug|Any CPU
		{48469AA2-6C59-4592-9C22-E6FA8DC9C7CF}.Release|Any CPU.ActiveCfg = Release|Any CPU
		{48469AA2-6C59-4592-9C22-E6FA8DC9C7CF}.Release|Any CPU.Build.0 = Release|Any CPU
		{A3F6BFBC-E681-438D-BDE0-4FC6C2DC6C4A}.Debug|Any CPU.ActiveCfg = Debug|Any CPU
		{A3F6BFBC-E681-438D-BDE0-4FC6C2DC6C4A}.Debug|Any CPU.Build.0 = Debug|Any CPU
		{A3F6BFBC-E681-438D-BDE0-4FC6C2DC6C4A}.Release|Any CPU.ActiveCfg = Release|Any CPU
		{A3F6BFBC-E681-438D-BDE0-4FC6C2DC6C4A}.Release|Any CPU.Build.0 = Release|Any CPU
	EndGlobalSection
	GlobalSection(SolutionProperties) = preSolution
		HideSolutionNode = FALSE
	EndGlobalSection
	GlobalSection(ExtensibilityGlobals) = postSolution
		SolutionGuid = {A178A702-6CA7-45B6-8E97-3B472B416642}
	EndGlobalSection
EndGlobal
