
Microsoft Visual Studio Solution File, Format Version 12.00
# Visual Studio Version 16
VisualStudioVersion = 16.0.31911.196
MinimumVisualStudioVersion = 10.0.40219.1
Project("{FAE04EC0-301F-11D3-BF4B-00C04F79EFBC}") = "WebApi.WindowsClient", "WebApi.WindowsClient\WebApi.WindowsClient.csproj", "{4D9FC751-C7DB-4440-B4DB-0BA397B7A7DA}"
EndProject
Project("{FAE04EC0-301F-11D3-BF4B-00C04F79EFBC}") = "Api.Example", "Api.Example\Api.Example.csproj", "{AA7E1B82-E785-41F2-82D6-AE72DC332AAF}"
EndProject
Project("{FAE04EC0-301F-11D3-BF4B-00C04F79EFBC}") = "Api.Entities", "Api.Entities\Api.Entities.csproj", "{3466411B-D2E8-4FA5-B12D-84CC153AB357}"
EndProject
Global
	GlobalSection(SolutionConfigurationPlatforms) = preSolution
		Debug|Any CPU = Debug|Any CPU
		Release|Any CPU = Release|Any CPU
	EndGlobalSection
	GlobalSection(ProjectConfigurationPlatforms) = postSolution
		{4D9FC751-C7DB-4440-B4DB-0BA397B7A7DA}.Debug|Any CPU.ActiveCfg = Debug|Any CPU
		{4D9FC751-C7DB-4440-B4DB-0BA397B7A7DA}.Debug|Any CPU.Build.0 = Debug|Any CPU
		{4D9FC751-C7DB-4440-B4DB-0BA397B7A7DA}.Release|Any CPU.ActiveCfg = Release|Any CPU
		{4D9FC751-C7DB-4440-B4DB-0BA397B7A7DA}.Release|Any CPU.Build.0 = Release|Any CPU
		{AA7E1B82-E785-41F2-82D6-AE72DC332AAF}.Debug|Any CPU.ActiveCfg = Debug|Any CPU
		{AA7E1B82-E785-41F2-82D6-AE72DC332AAF}.Debug|Any CPU.Build.0 = Debug|Any CPU
		{AA7E1B82-E785-41F2-82D6-AE72DC332AAF}.Release|Any CPU.ActiveCfg = Release|Any CPU
		{AA7E1B82-E785-41F2-82D6-AE72DC332AAF}.Release|Any CPU.Build.0 = Release|Any CPU
		{3466411B-D2E8-4FA5-B12D-84CC153AB357}.Debug|Any CPU.ActiveCfg = Debug|Any CPU
		{3466411B-D2E8-4FA5-B12D-84CC153AB357}.Debug|Any CPU.Build.0 = Debug|Any CPU
		{3466411B-D2E8-4FA5-B12D-84CC153AB357}.Release|Any CPU.ActiveCfg = Release|Any CPU
		{3466411B-D2E8-4FA5-B12D-84CC153AB357}.Release|Any CPU.Build.0 = Release|Any CPU
	EndGlobalSection
	GlobalSection(SolutionProperties) = preSolution
		HideSolutionNode = FALSE
	EndGlobalSection
	GlobalSection(ExtensibilityGlobals) = postSolution
		SolutionGuid = {EE208C4C-19DF-4DE6-BA3C-6A658DCCB953}
	EndGlobalSection
EndGlobal
