
Microsoft Visual Studio Solution File, Format Version 12.00
# Visual Studio Version 16
VisualStudioVersion = 16.0.31911.196
MinimumVisualStudioVersion = 10.0.40219.1
Project("{FAE04EC0-301F-11D3-BF4B-00C04F79EFBC}") = "DataTypes", "DataTypes\DataTypes.csproj", "{1FE421CA-F95A-4E43-8AF1-D1771883274B}"
EndProject
Project("{FAE04EC0-301F-11D3-BF4B-00C04F79EFBC}") = "DataTypes.Web", "DataTypes.Web\DataTypes.Web.csproj", "{B0E750D7-69BE-4D3D-8A23-700319DD586E}"
EndProject
Global
	GlobalSection(SolutionConfigurationPlatforms) = preSolution
		Debug|Any CPU = Debug|Any CPU
		Release|Any CPU = Release|Any CPU
	EndGlobalSection
	GlobalSection(ProjectConfigurationPlatforms) = postSolution
		{1FE421CA-F95A-4E43-8AF1-D1771883274B}.Debug|Any CPU.ActiveCfg = Debug|Any CPU
		{1FE421CA-F95A-4E43-8AF1-D1771883274B}.Debug|Any CPU.Build.0 = Debug|Any CPU
		{1FE421CA-F95A-4E43-8AF1-D1771883274B}.Release|Any CPU.ActiveCfg = Release|Any CPU
		{1FE421CA-F95A-4E43-8AF1-D1771883274B}.Release|Any CPU.Build.0 = Release|Any CPU
		{B0E750D7-69BE-4D3D-8A23-700319DD586E}.Debug|Any CPU.ActiveCfg = Debug|Any CPU
		{B0E750D7-69BE-4D3D-8A23-700319DD586E}.Debug|Any CPU.Build.0 = Debug|Any CPU
		{B0E750D7-69BE-4D3D-8A23-700319DD586E}.Release|Any CPU.ActiveCfg = Release|Any CPU
		{B0E750D7-69BE-4D3D-8A23-700319DD586E}.Release|Any CPU.Build.0 = Release|Any CPU
	EndGlobalSection
	GlobalSection(SolutionProperties) = preSolution
		HideSolutionNode = FALSE
	EndGlobalSection
	GlobalSection(ExtensibilityGlobals) = postSolution
		SolutionGuid = {CC61399D-C157-498B-BBD8-28E33E5F4F73}
	EndGlobalSection
EndGlobal
